// !$*UTF8*$!
{
	archiveVersion = 1;
	classes = {
	};
	objectVersion = 56;
	objects = {

/* Begin PBXBuildFile section */
		EA35C8152B8F9DF20076C332 /* AppDelegate.swift in Sources */ = {isa = PBXBuildFile; fileRef = EA35C8142B8F9DF20076C332 /* AppDelegate.swift */; };
		EA35C8172B8F9DF20076C332 /* SceneDelegate.swift in Sources */ = {isa = PBXBuildFile; fileRef = EA35C8162B8F9DF20076C332 /* SceneDelegate.swift */; };
		EA35C8192B8F9DF20076C332 /* ViewController.swift in Sources */ = {isa = PBXBuildFile; fileRef = EA35C8182B8F9DF20076C332 /* ViewController.swift */; };
		EA35C81C2B8F9DF20076C332 /* Main.storyboard in Resources */ = {isa = PBXBuildFile; fileRef = EA35C81A2B8F9DF20076C332 /* Main.storyboard */; };
		EA35C81E2B8F9DF40076C332 /* Assets.xcassets in Resources */ = {isa = PBXBuildFile; fileRef = EA35C81D2B8F9DF40076C332 /* Assets.xcassets */; };
		EA35C8212B8F9DF40076C332 /* LaunchScreen.storyboard in Resources */ = {isa = PBXBuildFile; fileRef = EA35C81F2B8F9DF40076C332 /* LaunchScreen.storyboard */; };
		EA35C82C2B8F9DF40076C332 /* take_home___random_user_tableviewTests.swift in Sources */ = {isa = PBXBuildFile; fileRef = EA35C82B2B8F9DF40076C332 /* take_home___random_user_tableviewTests.swift */; };
		EA35C8362B8F9DF40076C332 /* take_home___random_user_tableviewUITests.swift in Sources */ = {isa = PBXBuildFile; fileRef = EA35C8352B8F9DF40076C332 /* take_home___random_user_tableviewUITests.swift */; };
		EA35C8382B8F9DF40076C332 /* take_home___random_user_tableviewUITestsLaunchTests.swift in Sources */ = {isa = PBXBuildFile; fileRef = EA35C8372B8F9DF40076C332 /* take_home___random_user_tableviewUITestsLaunchTests.swift */; };
/* End PBXBuildFile section */

/* Begin PBXContainerItemProxy section */
		EA35C8282B8F9DF40076C332 /* PBXContainerItemProxy */ = {
			isa = PBXContainerItemProxy;
			containerPortal = EA35C8092B8F9DF20076C332 /* Project object */;
			proxyType = 1;
			remoteGlobalIDString = EA35C8102B8F9DF20076C332;
			remoteInfo = "take home - random user tableview";
		};
		EA35C8322B8F9DF40076C332 /* PBXContainerItemProxy */ = {
			isa = PBXContainerItemProxy;
			containerPortal = EA35C8092B8F9DF20076C332 /* Project object */;
			proxyType = 1;
			remoteGlobalIDString = EA35C8102B8F9DF20076C332;
			remoteInfo = "take home - random user tableview";
		};
/* End PBXContainerItemProxy section */

/* Begin PBXFileReference section */
		EA35C8112B8F9DF20076C332 /* take home - random user tableview.app */ = {isa = PBXFileReference; explicitFileType = wrapper.application; includeInIndex = 0; path = "take home - random user tableview.app"; sourceTree = BUILT_PRODUCTS_DIR; };
		EA35C8142B8F9DF20076C332 /* AppDelegate.swift */ = {isa = PBXFileReference; lastKnownFileType = sourcecode.swift; path = AppDelegate.swift; sourceTree = "<group>"; };
		EA35C8162B8F9DF20076C332 /* SceneDelegate.swift */ = {isa = PBXFileReference; lastKnownFileType = sourcecode.swift; path = SceneDelegate.swift; sourceTree = "<group>"; };
		EA35C8182B8F9DF20076C332 /* ViewController.swift */ = {isa = PBXFileReference; lastKnownFileType = sourcecode.swift; path = ViewController.swift; sourceTree = "<group>"; };
		EA35C81B2B8F9DF20076C332 /* Base */ = {isa = PBXFileReference; lastKnownFileType = file.storyboard; name = Base; path = Base.lproj/Main.storyboard; sourceTree = "<group>"; };
		EA35C81D2B8F9DF40076C332 /* Assets.xcassets */ = {isa = PBXFileReference; lastKnownFileType = folder.assetcatalog; path = Assets.xcassets; sourceTree = "<group>"; };
		EA35C8202B8F9DF40076C332 /* Base */ = {isa = PBXFileReference; lastKnownFileType = file.storyboard; name = Base; path = Base.lproj/LaunchScreen.storyboard; sourceTree = "<group>"; };
		EA35C8222B8F9DF40076C332 /* Info.plist */ = {isa = PBXFileReference; lastKnownFileType = text.plist.xml; path = Info.plist; sourceTree = "<group>"; };
		EA35C8272B8F9DF40076C332 /* take home - random user tableviewTests.xctest */ = {isa = PBXFileReference; explicitFileType = wrapper.cfbundle; includeInIndex = 0; path = "take home - random user tableviewTests.xctest"; sourceTree = BUILT_PRODUCTS_DIR; };
		EA35C82B2B8F9DF40076C332 /* take_home___random_user_tableviewTests.swift */ = {isa = PBXFileReference; lastKnownFileType = sourcecode.swift; path = "take_home___random_user_tableviewTests.swift"; sourceTree = "<group>"; };
		EA35C8312B8F9DF40076C332 /* take home - random user tableviewUITests.xctest */ = {isa = PBXFileReference; explicitFileType = wrapper.cfbundle; includeInIndex = 0; path = "take home - random user tableviewUITests.xctest"; sourceTree = BUILT_PRODUCTS_DIR; };
		EA35C8352B8F9DF40076C332 /* take_home___random_user_tableviewUITests.swift */ = {isa = PBXFileReference; lastKnownFileType = sourcecode.swift; path = "take_home___random_user_tableviewUITests.swift"; sourceTree = "<group>"; };
		EA35C8372B8F9DF40076C332 /* take_home___random_user_tableviewUITestsLaunchTests.swift */ = {isa = PBXFileReference; lastKnownFileType = sourcecode.swift; path = "take_home___random_user_tableviewUITestsLaunchTests.swift"; sourceTree = "<group>"; };
/* End PBXFileReference section */

/* Begin PBXFrameworksBuildPhase section */
		EA35C80E2B8F9DF20076C332 /* Frameworks */ = {
			isa = PBXFrameworksBuildPhase;
			buildActionMask = 2147483647;
			files = (
			);
			runOnlyForDeploymentPostprocessing = 0;
		};
		EA35C8242B8F9DF40076C332 /* Frameworks */ = {
			isa = PBXFrameworksBuildPhase;
			buildActionMask = 2147483647;
			files = (
			);
			runOnlyForDeploymentPostprocessing = 0;
		};
		EA35C82E2B8F9DF40076C332 /* Frameworks */ = {
			isa = PBXFrameworksBuildPhase;
			buildActionMask = 2147483647;
			files = (
			);
			runOnlyForDeploymentPostprocessing = 0;
		};
/* End PBXFrameworksBuildPhase section */

/* Begin PBXGroup section */
		EA35C8082B8F9DF20076C332 = {
			isa = PBXGroup;
			children = (
				EA35C8132B8F9DF20076C332 /* take home - random user tableview */,
				EA35C82A2B8F9DF40076C332 /* take home - random user tableviewTests */,
				EA35C8342B8F9DF40076C332 /* take home - random user tableviewUITests */,
				EA35C8122B8F9DF20076C332 /* Products */,
			);
			sourceTree = "<group>";
		};
		EA35C8122B8F9DF20076C332 /* Products */ = {
			isa = PBXGroup;
			children = (
				EA35C8112B8F9DF20076C332 /* take home - random user tableview.app */,
				EA35C8272B8F9DF40076C332 /* take home - random user tableviewTests.xctest */,
				EA35C8312B8F9DF40076C332 /* take home - random user tableviewUITests.xctest */,
			);
			name = Products;
			sourceTree = "<group>";
		};
		EA35C8132B8F9DF20076C332 /* take home - random user tableview */ = {
			isa = PBXGroup;
			children = (
				EA35C8142B8F9DF20076C332 /* AppDelegate.swift */,
				EA35C8162B8F9DF20076C332 /* SceneDelegate.swift */,
				EA35C8182B8F9DF20076C332 /* ViewController.swift */,
				EA35C81A2B8F9DF20076C332 /* Main.storyboard */,
				EA35C81D2B8F9DF40076C332 /* Assets.xcassets */,
				EA35C81F2B8F9DF40076C332 /* LaunchScreen.storyboard */,
				EA35C8222B8F9DF40076C332 /* Info.plist */,
			);
			path = "take home - random user tableview";
			sourceTree = "<group>";
		};
		EA35C82A2B8F9DF40076C332 /* take home - random user tableviewTests */ = {
			isa = PBXGroup;
			children = (
				EA35C82B2B8F9DF40076C332 /* take_home___random_user_tableviewTests.swift */,
			);
			path = "take home - random user tableviewTests";
			sourceTree = "<group>";
		};
		EA35C8342B8F9DF40076C332 /* take home - random user tableviewUITests */ = {
			isa = PBXGroup;
			children = (
				EA35C8352B8F9DF40076C332 /* take_home___random_user_tableviewUITests.swift */,
				EA35C8372B8F9DF40076C332 /* take_home___random_user_tableviewUITestsLaunchTests.swift */,
			);
			path = "take home - random user tableviewUITests";
			sourceTree = "<group>";
		};
/* End PBXGroup section */

/* Begin PBXNativeTarget section */
		EA35C8102B8F9DF20076C332 /* take home - random user tableview */ = {
			isa = PBXNativeTarget;
			buildConfigurationList = EA35C83B2B8F9DF40076C332 /* Build configuration list for PBXNativeTarget "take home - random user tableview" */;
			buildPhases = (
				EA35C80D2B8F9DF20076C332 /* Sources */,
				EA35C80E2B8F9DF20076C332 /* Frameworks */,
				EA35C80F2B8F9DF20076C332 /* Resources */,
			);
			buildRules = (
			);
			dependencies = (
			);
			name = "take home - random user tableview";
			productName = "take home - random user tableview";
			productReference = EA35C8112B8F9DF20076C332 /* take home - random user tableview.app */;
			productType = "com.apple.product-type.application";
		};
		EA35C8262B8F9DF40076C332 /* take home - random user tableviewTests */ = {
			isa = PBXNativeTarget;
			buildConfigurationList = EA35C83E2B8F9DF40076C332 /* Build configuration list for PBXNativeTarget "take home - random user tableviewTests" */;
			buildPhases = (
				EA35C8232B8F9DF40076C332 /* Sources */,
				EA35C8242B8F9DF40076C332 /* Frameworks */,
				EA35C8252B8F9DF40076C332 /* Resources */,
			);
			buildRules = (
			);
			dependencies = (
				EA35C8292B8F9DF40076C332 /* PBXTargetDependency */,
			);
			name = "take home - random user tableviewTests";
			productName = "take home - random user tableviewTests";
			productReference = EA35C8272B8F9DF40076C332 /* take home - random user tableviewTests.xctest */;
			productType = "com.apple.product-type.bundle.unit-test";
		};
		EA35C8302B8F9DF40076C332 /* take home - random user tableviewUITests */ = {
			isa = PBXNativeTarget;
			buildConfigurationList = EA35C8412B8F9DF40076C332 /* Build configuration list for PBXNativeTarget "take home - random user tableviewUITests" */;
			buildPhases = (
				EA35C82D2B8F9DF40076C332 /* Sources */,
				EA35C82E2B8F9DF40076C332 /* Frameworks */,
				EA35C82F2B8F9DF40076C332 /* Resources */,
			);
			buildRules = (
			);
			dependencies = (
				EA35C8332B8F9DF40076C332 /* PBXTargetDependency */,
			);
			name = "take home - random user tableviewUITests";
			productName = "take home - random user tableviewUITests";
			productReference = EA35C8312B8F9DF40076C332 /* take home - random user tableviewUITests.xctest */;
			productType = "com.apple.product-type.bundle.ui-testing";
		};
/* End PBXNativeTarget section */

/* Begin PBXProject section */
		EA35C8092B8F9DF20076C332 /* Project object */ = {
			isa = PBXProject;
			attributes = {
				BuildIndependentTargetsInParallel = 1;
				LastSwiftUpdateCheck = 1500;
				LastUpgradeCheck = 1500;
				TargetAttributes = {
					EA35C8102B8F9DF20076C332 = {
						CreatedOnToolsVersion = 15.0.1;
					};
					EA35C8262B8F9DF40076C332 = {
						CreatedOnToolsVersion = 15.0.1;
						TestTargetID = EA35C8102B8F9DF20076C332;
					};
					EA35C8302B8F9DF40076C332 = {
						CreatedOnToolsVersion = 15.0.1;
						TestTargetID = EA35C8102B8F9DF20076C332;
					};
				};
			};
			buildConfigurationList = EA35C80C2B8F9DF20076C332 /* Build configuration list for PBXProject "take home - random user tableview" */;
			compatibilityVersion = "Xcode 14.0";
			developmentRegion = en;
			hasScannedForEncodings = 0;
			knownRegions = (
				en,
				Base,
			);
			mainGroup = EA35C8082B8F9DF20076C332;
			productRefGroup = EA35C8122B8F9DF20076C332 /* Products */;
			projectDirPath = "";
			projectRoot = "";
			targets = (
				EA35C8102B8F9DF20076C332 /* take home - random user tableview */,
				EA35C8262B8F9DF40076C332 /* take home - random user tableviewTests */,
				EA35C8302B8F9DF40076C332 /* take home - random user tableviewUITests */,
			);
		};
/* End PBXProject section */

/* Begin PBXResourcesBuildPhase section */
		EA35C80F2B8F9DF20076C332 /* Resources */ = {
			isa = PBXResourcesBuildPhase;
			buildActionMask = 2147483647;
			files = (
				EA35C8212B8F9DF40076C332 /* LaunchScreen.storyboard in Resources */,
				EA35C81E2B8F9DF40076C332 /* Assets.xcassets in Resources */,
				EA35C81C2B8F9DF20076C332 /* Main.storyboard in Resources */,
			);
			runOnlyForDeploymentPostprocessing = 0;
		};
		EA35C8252B8F9DF40076C332 /* Resources */ = {
			isa = PBXResourcesBuildPhase;
			buildActionMask = 2147483647;
			files = (
			);
			runOnlyForDeploymentPostprocessing = 0;
		};
		EA35C82F2B8F9DF40076C332 /* Resources */ = {
			isa = PBXResourcesBuildPhase;
			buildActionMask = 2147483647;
			files = (
			);
			runOnlyForDeploymentPostprocessing = 0;
		};
/* End PBXResourcesBuildPhase section */

/* Begin PBXSourcesBuildPhase section */
		EA35C80D2B8F9DF20076C332 /* Sources */ = {
			isa = PBXSourcesBuildPhase;
			buildActionMask = 2147483647;
			files = (
				EA35C8192B8F9DF20076C332 /* ViewController.swift in Sources */,
				EA35C8152B8F9DF20076C332 /* AppDelegate.swift in Sources */,
				EA35C8172B8F9DF20076C332 /* SceneDelegate.swift in Sources */,
			);
			runOnlyForDeploymentPostprocessing = 0;
		};
		EA35C8232B8F9DF40076C332 /* Sources */ = {
			isa = PBXSourcesBuildPhase;
			buildActionMask = 2147483647;
			files = (
				EA35C82C2B8F9DF40076C332 /* take_home___random_user_tableviewTests.swift in Sources */,
			);
			runOnlyForDeploymentPostprocessing = 0;
		};
		EA35C82D2B8F9DF40076C332 /* Sources */ = {
			isa = PBXSourcesBuildPhase;
			buildActionMask = 2147483647;
			files = (
				EA35C8382B8F9DF40076C332 /* take_home___random_user_tableviewUITestsLaunchTests.swift in Sources */,
				EA35C8362B8F9DF40076C332 /* take_home___random_user_tableviewUITests.swift in Sources */,
			);
			runOnlyForDeploymentPostprocessing = 0;
		};
/* End PBXSourcesBuildPhase section */

/* Begin PBXTargetDependency section */
		EA35C8292B8F9DF40076C332 /* PBXTargetDependency */ = {
			isa = PBXTargetDependency;
			target = EA35C8102B8F9DF20076C332 /* take home - random user tableview */;
			targetProxy = EA35C8282B8F9DF40076C332 /* PBXContainerItemProxy */;
		};
		EA35C8332B8F9DF40076C332 /* PBXTargetDependency */ = {
			isa = PBXTargetDependency;
			target = EA35C8102B8F9DF20076C332 /* take home - random user tableview */;
			targetProxy = EA35C8322B8F9DF40076C332 /* PBXContainerItemProxy */;
		};
/* End PBXTargetDependency section */

/* Begin PBXVariantGroup section */
		EA35C81A2B8F9DF20076C332 /* Main.storyboard */ = {
			isa = PBXVariantGroup;
			children = (
				EA35C81B2B8F9DF20076C332 /* Base */,
			);
			name = Main.storyboard;
			sourceTree = "<group>";
		};
		EA35C81F2B8F9DF40076C332 /* LaunchScreen.storyboard */ = {
			isa = PBXVariantGroup;
			children = (
				EA35C8202B8F9DF40076C332 /* Base */,
			);
			name = LaunchScreen.storyboard;
			sourceTree = "<group>";
		};
/* End PBXVariantGroup section */

/* Begin XCBuildConfiguration section */
		EA35C8392B8F9DF40076C332 /* Debug */ = {
			isa = XCBuildConfiguration;
			buildSettings = {
				ALWAYS_SEARCH_USER_PATHS = NO;
				ASSETCATALOG_COMPILER_GENERATE_SWIFT_ASSET_SYMBOL_EXTENSIONS = YES;
				CLANG_ANALYZER_NONNULL = YES;
				CLANG_ANALYZER_NUMBER_OBJECT_CONVERSION = YES_AGGRESSIVE;
				CLANG_CXX_LANGUAGE_STANDARD = "gnu++20";
				CLANG_ENABLE_MODULES = YES;
				CLANG_ENABLE_OBJC_ARC = YES;
				CLANG_ENABLE_OBJC_WEAK = YES;
				CLANG_WARN_BLOCK_CAPTURE_AUTORELEASING = YES;
				CLANG_WARN_BOOL_CONVERSION = YES;
				CLANG_WARN_COMMA = YES;
				CLANG_WARN_CONSTANT_CONVERSION = YES;
				CLANG_WARN_DEPRECATED_OBJC_IMPLEMENTATIONS = YES;
				CLANG_WARN_DIRECT_OBJC_ISA_USAGE = YES_ERROR;
				CLANG_WARN_DOCUMENTATION_COMMENTS = YES;
				CLANG_WARN_EMPTY_BODY = YES;
				CLANG_WARN_ENUM_CONVERSION = YES;
				CLANG_WARN_INFINITE_RECURSION = YES;
				CLANG_WARN_INT_CONVERSION = YES;
				CLANG_WARN_NON_LITERAL_NULL_CONVERSION = YES;
				CLANG_WARN_OBJC_IMPLICIT_RETAIN_SELF = YES;
				CLANG_WARN_OBJC_LITERAL_CONVERSION = YES;
				CLANG_WARN_OBJC_ROOT_CLASS = YES_ERROR;
				CLANG_WARN_QUOTED_INCLUDE_IN_FRAMEWORK_HEADER = YES;
				CLANG_WARN_RANGE_LOOP_ANALYSIS = YES;
				CLANG_WARN_STRICT_PROTOTYPES = YES;
				CLANG_WARN_SUSPICIOUS_MOVE = YES;
				CLANG_WARN_UNGUARDED_AVAILABILITY = YES_AGGRESSIVE;
				CLANG_WARN_UNREACHABLE_CODE = YES;
				CLANG_WARN__DUPLICATE_METHOD_MATCH = YES;
				COPY_PHASE_STRIP = NO;
				DEBUG_INFORMATION_FORMAT = dwarf;
				ENABLE_STRICT_OBJC_MSGSEND = YES;
				ENABLE_TESTABILITY = YES;
				ENABLE_USER_SCRIPT_SANDBOXING = YES;
				GCC_C_LANGUAGE_STANDARD = gnu17;
				GCC_DYNAMIC_NO_PIC = NO;
				GCC_NO_COMMON_BLOCKS = YES;
				GCC_OPTIMIZATION_LEVEL = 0;
				GCC_PREPROCESSOR_DEFINITIONS = (
					"DEBUG=1",
					"$(inherited)",
				);
				GCC_WARN_64_TO_32_BIT_CONVERSION = YES;
				GCC_WARN_ABOUT_RETURN_TYPE = YES_ERROR;
				GCC_WARN_UNDECLARED_SELECTOR = YES;
				GCC_WARN_UNINITIALIZED_AUTOS = YES_AGGRESSIVE;
				GCC_WARN_UNUSED_FUNCTION = YES;
				GCC_WARN_UNUSED_VARIABLE = YES;
				IPHONEOS_DEPLOYMENT_TARGET = 17.0;
				LOCALIZATION_PREFERS_STRING_CATALOGS = YES;
				MTL_ENABLE_DEBUG_INFO = INCLUDE_SOURCE;
				MTL_FAST_MATH = YES;
				ONLY_ACTIVE_ARCH = YES;
				SDKROOT = iphoneos;
				SWIFT_ACTIVE_COMPILATION_CONDITIONS = "DEBUG $(inherited)";
				SWIFT_OPTIMIZATION_LEVEL = "-Onone";
			};
			name = Debug;
		};
		EA35C83A2B8F9DF40076C332 /* Release */ = {
			isa = XCBuildConfiguration;
			buildSettings = {
				ALWAYS_SEARCH_USER_PATHS = NO;
				ASSETCATALOG_COMPILER_GENERATE_SWIFT_ASSET_SYMBOL_EXTENSIONS = YES;
				CLANG_ANALYZER_NONNULL = YES;
				CLANG_ANALYZER_NUMBER_OBJECT_CONVERSION = YES_AGGRESSIVE;
				CLANG_CXX_LANGUAGE_STANDARD = "gnu++20";
				CLANG_ENABLE_MODULES = YES;
				CLANG_ENABLE_OBJC_ARC = YES;
				CLANG_ENABLE_OBJC_WEAK = YES;
				CLANG_WARN_BLOCK_CAPTURE_AUTORELEASING = YES;
				CLANG_WARN_BOOL_CONVERSION = YES;
				CLANG_WARN_COMMA = YES;
				CLANG_WARN_CONSTANT_CONVERSION = YES;
				CLANG_WARN_DEPRECATED_OBJC_IMPLEMENTATIONS = YES;
				CLANG_WARN_DIRECT_OBJC_ISA_USAGE = YES_ERROR;
				CLANG_WARN_DOCUMENTATION_COMMENTS = YES;
				CLANG_WARN_EMPTY_BODY = YES;
				CLANG_WARN_ENUM_CONVERSION = YES;
				CLANG_WARN_INFINITE_RECURSION = YES;
				CLANG_WARN_INT_CONVERSION = YES;
				CLANG_WARN_NON_LITERAL_NULL_CONVERSION = YES;
				CLANG_WARN_OBJC_IMPLICIT_RETAIN_SELF = YES;
				CLANG_WARN_OBJC_LITERAL_CONVERSION = YES;
				CLANG_WARN_OBJC_ROOT_CLASS = YES_ERROR;
				CLANG_WARN_QUOTED_INCLUDE_IN_FRAMEWORK_HEADER = YES;
				CLANG_WARN_RANGE_LOOP_ANALYSIS = YES;
				CLANG_WARN_STRICT_PROTOTYPES = YES;
				CLANG_WARN_SUSPICIOUS_MOVE = YES;
				CLANG_WARN_UNGUARDED_AVAILABILITY = YES_AGGRESSIVE;
				CLANG_WARN_UNREACHABLE_CODE = YES;
				CLANG_WARN__DUPLICATE_METHOD_MATCH = YES;
				COPY_PHASE_STRIP = NO;
				DEBUG_INFORMATION_FORMAT = "dwarf-with-dsym";
				ENABLE_NS_ASSERTIONS = NO;
				ENABLE_STRICT_OBJC_MSGSEND = YES;
				ENABLE_USER_SCRIPT_SANDBOXING = YES;
				GCC_C_LANGUAGE_STANDARD = gnu17;
				GCC_NO_COMMON_BLOCKS = YES;
				GCC_WARN_64_TO_32_BIT_CONVERSION = YES;
				GCC_WARN_ABOUT_RETURN_TYPE = YES_ERROR;
				GCC_WARN_UNDECLARED_SELECTOR = YES;
				GCC_WARN_UNINITIALIZED_AUTOS = YES_AGGRESSIVE;
				GCC_WARN_UNUSED_FUNCTION = YES;
				GCC_WARN_UNUSED_VARIABLE = YES;
				IPHONEOS_DEPLOYMENT_TARGET = 17.0;
				LOCALIZATION_PREFERS_STRING_CATALOGS = YES;
				MTL_ENABLE_DEBUG_INFO = NO;
				MTL_FAST_MATH = YES;
				SDKROOT = iphoneos;
				SWIFT_COMPILATION_MODE = wholemodule;
				VALIDATE_PRODUCT = YES;
			};
			name = Release;
		};
		EA35C83C2B8F9DF40076C332 /* Debug */ = {
			isa = XCBuildConfiguration;
			buildSettings = {
				ASSETCATALOG_COMPILER_APPICON_NAME = AppIcon;
				ASSETCATALOG_COMPILER_GLOBAL_ACCENT_COLOR_NAME = AccentColor;
				CODE_SIGN_STYLE = Automatic;
				CURRENT_PROJECT_VERSION = 1;
				DEVELOPMENT_TEAM = 49SY96BT5A;
				GENERATE_INFOPLIST_FILE = YES;
				INFOPLIST_FILE = "take home - random user tableview/Info.plist";
				INFOPLIST_KEY_UIApplicationSupportsIndirectInputEvents = YES;
				INFOPLIST_KEY_UILaunchStoryboardName = LaunchScreen;
				INFOPLIST_KEY_UIMainStoryboardFile = Main;
				INFOPLIST_KEY_UISupportedInterfaceOrientations_iPad = "UIInterfaceOrientationPortrait UIInterfaceOrientationPortraitUpsideDown UIInterfaceOrientationLandscapeLeft UIInterfaceOrientationLandscapeRight";
				INFOPLIST_KEY_UISupportedInterfaceOrientations_iPhone = "UIInterfaceOrientationPortrait UIInterfaceOrientationLandscapeLeft UIInterfaceOrientationLandscapeRight";
				LD_RUNPATH_SEARCH_PATHS = (
					"$(inherited)",
					"@executable_path/Frameworks",
				);
				MARKETING_VERSION = 1.0;
				PRODUCT_BUNDLE_IDENTIFIER = "ee.take-home---random-user-tableview";
				PRODUCT_NAME = "$(TARGET_NAME)";
				SWIFT_EMIT_LOC_STRINGS = YES;
				SWIFT_VERSION = 5.0;
				TARGETED_DEVICE_FAMILY = "1,2";
			};
			name = Debug;
		};
		EA35C83D2B8F9DF40076C332 /* Release */ = {
			isa = XCBuildConfiguration;
			buildSettings = {
				ASSETCATALOG_COMPILER_APPICON_NAME = AppIcon;
				ASSETCATALOG_COMPILER_GLOBAL_ACCENT_COLOR_NAME = AccentColor;
				CODE_SIGN_STYLE = Automatic;
				CURRENT_PROJECT_VERSION = 1;
				DEVELOPMENT_TEAM = 49SY96BT5A;
				GENERATE_INFOPLIST_FILE = YES;
				INFOPLIST_FILE = "take home - random user tableview/Info.plist";
				INFOPLIST_KEY_UIApplicationSupportsIndirectInputEvents = YES;
				INFOPLIST_KEY_UILaunchStoryboardName = LaunchScreen;
				INFOPLIST_KEY_UIMainStoryboardFile = Main;
				INFOPLIST_KEY_UISupportedInterfaceOrientations_iPad = "UIInterfaceOrientationPortrait UIInterfaceOrientationPortraitUpsideDown UIInterfaceOrientationLandscapeLeft UIInterfaceOrientationLandscapeRight";
				INFOPLIST_KEY_UISupportedInterfaceOrientations_iPhone = "UIInterfaceOrientationPortrait UIInterfaceOrientationLandscapeLeft UIInterfaceOrientationLandscapeRight";
				LD_RUNPATH_SEARCH_PATHS = (
					"$(inherited)",
					"@executable_path/Frameworks",
				);
				MARKETING_VERSION = 1.0;
				PRODUCT_BUNDLE_IDENTIFIER = "ee.take-home---random-user-tableview";
				PRODUCT_NAME = "$(TARGET_NAME)";
				SWIFT_EMIT_LOC_STRINGS = YES;
				SWIFT_VERSION = 5.0;
				TARGETED_DEVICE_FAMILY = "1,2";
			};
			name = Release;
		};
		EA35C83F2B8F9DF40076C332 /* Debug */ = {
			isa = XCBuildConfiguration;
			buildSettings = {
				ALWAYS_EMBED_SWIFT_STANDARD_LIBRARIES = YES;
				BUNDLE_LOADER = "$(TEST_HOST)";
				CODE_SIGN_STYLE = Automatic;
				CURRENT_PROJECT_VERSION = 1;
				DEVELOPMENT_TEAM = 49SY96BT5A;
				GENERATE_INFOPLIST_FILE = YES;
				IPHONEOS_DEPLOYMENT_TARGET = 17.0;
				MARKETING_VERSION = 1.0;
				PRODUCT_BUNDLE_IDENTIFIER = "ee.take-home---random-user-tableviewTests";
				PRODUCT_NAME = "$(TARGET_NAME)";
				SWIFT_EMIT_LOC_STRINGS = NO;
				SWIFT_VERSION = 5.0;
				TARGETED_DEVICE_FAMILY = "1,2";
				TEST_HOST = "$(BUILT_PRODUCTS_DIR)/take home - random user tableview.app/$(BUNDLE_EXECUTABLE_FOLDER_PATH)/take home - random user tableview";
			};
			name = Debug;
		};
		EA35C8402B8F9DF40076C332 /* Release */ = {
			isa = XCBuildConfiguration;
			buildSettings = {
				ALWAYS_EMBED_SWIFT_STANDARD_LIBRARIES = YES;
				BUNDLE_LOADER = "$(TEST_HOST)";
				CODE_SIGN_STYLE = Automatic;
				CURRENT_PROJECT_VERSION = 1;
				DEVELOPMENT_TEAM = 49SY96BT5A;
				GENERATE_INFOPLIST_FILE = YES;
				IPHONEOS_DEPLOYMENT_TARGET = 17.0;
				MARKETING_VERSION = 1.0;
				PRODUCT_BUNDLE_IDENTIFIER = "ee.take-home---random-user-tableviewTests";
				PRODUCT_NAME = "$(TARGET_NAME)";
				SWIFT_EMIT_LOC_STRINGS = NO;
				SWIFT_VERSION = 5.0;
				TARGETED_DEVICE_FAMILY = "1,2";
				TEST_HOST = "$(BUILT_PRODUCTS_DIR)/take home - random user tableview.app/$(BUNDLE_EXECUTABLE_FOLDER_PATH)/take home - random user tableview";
			};
			name = Release;
		};
		EA35C8422B8F9DF40076C332 /* Debug */ = {
			isa = XCBuildConfiguration;
			buildSettings = {
				ALWAYS_EMBED_SWIFT_STANDARD_LIBRARIES = YES;
				CODE_SIGN_STYLE = Automatic;
				CURRENT_PROJECT_VERSION = 1;
				DEVELOPMENT_TEAM = 49SY96BT5A;
				GENERATE_INFOPLIST_FILE = YES;
				MARKETING_VERSION = 1.0;
				PRODUCT_BUNDLE_IDENTIFIER = "ee.take-home---random-user-tableviewUITests";
				PRODUCT_NAME = "$(TARGET_NAME)";
				SWIFT_EMIT_LOC_STRINGS = NO;
				SWIFT_VERSION = 5.0;
				TARGETED_DEVICE_FAMILY = "1,2";
				TEST_TARGET_NAME = "take home - random user tableview";
			};
			name = Debug;
		};
		EA35C8432B8F9DF40076C332 /* Release */ = {
			isa = XCBuildConfiguration;
			buildSettings = {
				ALWAYS_EMBED_SWIFT_STANDARD_LIBRARIES = YES;
				CODE_SIGN_STYLE = Automatic;
				CURRENT_PROJECT_VERSION = 1;
				DEVELOPMENT_TEAM = 49SY96BT5A;
				GENERATE_INFOPLIST_FILE = YES;
				MARKETING_VERSION = 1.0;
				PRODUCT_BUNDLE_IDENTIFIER = "ee.take-home---random-user-tableviewUITests";
				PRODUCT_NAME = "$(TARGET_NAME)";
				SWIFT_EMIT_LOC_STRINGS = NO;
				SWIFT_VERSION = 5.0;
				TARGETED_DEVICE_FAMILY = "1,2";
				TEST_TARGET_NAME = "take home - random user tableview";
			};
			name = Release;
		};
/* End XCBuildConfiguration section */

/* Begin XCConfigurationList section */
		EA35C80C2B8F9DF20076C332 /* Build configuration list for PBXProject "take home - random user tableview" */ = {
			isa = XCConfigurationList;
			buildConfigurations = (
				EA35C8392B8F9DF40076C332 /* Debug */,
				EA35C83A2B8F9DF40076C332 /* Release */,
			);
			defaultConfigurationIsVisible = 0;
			defaultConfigurationName = Release;
		};
		EA35C83B2B8F9DF40076C332 /* Build configuration list for PBXNativeTarget "take home - random user tableview" */ = {
			isa = XCConfigurationList;
			buildConfigurations = (
				EA35C83C2B8F9DF40076C332 /* Debug */,
				EA35C83D2B8F9DF40076C332 /* Release */,
			);
			defaultConfigurationIsVisible = 0;
			defaultConfigurationName = Release;
		};
		EA35C83E2B8F9DF40076C332 /* Build configuration list for PBXNativeTarget "take home - random user tableviewTests" */ = {
			isa = XCConfigurationList;
			buildConfigurations = (
				EA35C83F2B8F9DF40076C332 /* Debug */,
				EA35C8402B8F9DF40076C332 /* Release */,
			);
			defaultConfigurationIsVisible = 0;
			defaultConfigurationName = Release;
		};
		EA35C8412B8F9DF40076C332 /* Build configuration list for PBXNativeTarget "take home - random user tableviewUITests" */ = {
			isa = XCConfigurationList;
			buildConfigurations = (
				EA35C8422B8F9DF40076C332 /* Debug */,
				EA35C8432B8F9DF40076C332 /* Release */,
			);
			defaultConfigurationIsVisible = 0;
			defaultConfigurationName = Release;
		};
/* End XCConfigurationList section */
	};
	rootObject = EA35C8092B8F9DF20076C332 /* Project object */;
}
